
Microsoft Visual Studio Solution File, Format Version 12.00
# Visual Studio Version 17
VisualStudioVersion = 17.10.35122.118
MinimumVisualStudioVersion = 10.0.40219.1
Project("{9A19103F-16F7-4668-BE54-9A1E7A4F7556}") = "DevSpot", "DevSpot.csproj", "{6367C2F2-57FF-4BE4-A134-2399E1854454}"
EndProject
Project("{FAE04EC0-301F-11D3-BF4B-00C04F79EFBC}") = "Devspot.Test", "..\Devspot.Test\Devspot.Test.csproj", "{23D3638E-6F39-468F-8457-8ADAF0E5ECB8}"
EndProject
Global
	GlobalSection(SolutionConfigurationPlatforms) = preSolution
		Debug|Any CPU = Debug|Any CPU
		Release|Any CPU = Release|Any CPU
	EndGlobalSection
	GlobalSection(ProjectConfigurationPlatforms) = postSolution
		{6367C2F2-57FF-4BE4-A134-2399E1854454}.Debug|Any CPU.ActiveCfg = Debug|Any CPU
		{6367C2F2-57FF-4BE4-A134-2399E1854454}.Debug|Any CPU.Build.0 = Debug|Any CPU
		{6367C2F2-57FF-4BE4-A134-2399E1854454}.Release|Any CPU.ActiveCfg = Release|Any CPU
		{6367C2F2-57FF-4BE4-A134-2399E1854454}.Release|Any CPU.Build.0 = Release|Any CPU
		{23D3638E-6F39-468F-8457-8ADAF0E5ECB8}.Debug|Any CPU.ActiveCfg = Debug|Any CPU
		{23D3638E-6F39-468F-8457-8ADAF0E5ECB8}.Debug|Any CPU.Build.0 = Debug|Any CPU
		{23D3638E-6F39-468F-8457-8ADAF0E5ECB8}.Release|Any CPU.ActiveCfg = Release|Any CPU
		{23D3638E-6F39-468F-8457-8ADAF0E5ECB8}.Release|Any CPU.Build.0 = Release|Any CPU
	EndGlobalSection
	GlobalSection(SolutionProperties) = preSolution
		HideSolutionNode = FALSE
	EndGlobalSection
	GlobalSection(ExtensibilityGlobals) = postSolution
		SolutionGuid = {58FEF9E2-646D-4BA9-9258-ADB05DEFC2B2}
	EndGlobalSection
EndGlobal
